
Microsoft Visual Studio Solution File, Format Version 12.00
# Visual Studio Version 16
VisualStudioVersion = 16.0.29920.165
MinimumVisualStudioVersion = 10.0.40219.1
Project("{FAE04EC0-301F-11D3-BF4B-00C04F79EFBC}") = "BP", "BP\BP.csproj", "{522E791F-E8DC-4106-A2B7-1C7DD9E3D654}"
EndProject
Global
	GlobalSection(SolutionConfigurationPlatforms) = preSolution
		Debug|Any CPU = Debug|Any CPU
		Release|Any CPU = Release|Any CPU
	EndGlobalSection
	GlobalSection(ProjectConfigurationPlatforms) = postSolution
		{522E791F-E8DC-4106-A2B7-1C7DD9E3D654}.Debug|Any CPU.ActiveCfg = Debug|Any CPU
		{522E791F-E8DC-4106-A2B7-1C7DD9E3D654}.Debug|Any CPU.Build.0 = Debug|Any CPU
		{522E791F-E8DC-4106-A2B7-1C7DD9E3D654}.Release|Any CPU.ActiveCfg = Release|Any CPU
		{522E791F-E8DC-4106-A2B7-1C7DD9E3D654}.Release|Any CPU.Build.0 = Release|Any CPU
	EndGlobalSection
	GlobalSection(SolutionProperties) = preSolution
		HideSolutionNode = FALSE
	EndGlobalSection
	GlobalSection(ExtensibilityGlobals) = postSolution
		SolutionGuid = {29328EDC-D5C5-4C17-9C75-E7BDD0AA4DDF}
	EndGlobalSection
EndGlobal
